
Microsoft Visual Studio Solution File, Format Version 11.00
# Visual Studio 2010
Project("{FAE04EC0-301F-11D3-BF4B-00C04F79EFBC}") = "geopunt4Arcgis", "geopunt4Arcgis\geopunt4Arcgis.csproj", "{F561B45D-F8DE-428A-AB4A-61B2725D155E}"
EndProject
Global
	GlobalSection(SolutionConfigurationPlatforms) = preSolution
		Debug|Any CPU = Debug|Any CPU
		Release|Any CPU = Release|Any CPU
	EndGlobalSection
	GlobalSection(ProjectConfigurationPlatforms) = postSolution
		{F561B45D-F8DE-428A-AB4A-61B2725D155E}.Debug|Any CPU.ActiveCfg = Debug|Any CPU
		{F561B45D-F8DE-428A-AB4A-61B2725D155E}.Debug|Any CPU.Build.0 = Debug|Any CPU
		{F561B45D-F8DE-428A-AB4A-61B2725D155E}.Release|Any CPU.ActiveCfg = Release|Any CPU
		{F561B45D-F8DE-428A-AB4A-61B2725D155E}.Release|Any CPU.Build.0 = Release|Any CPU
	EndGlobalSection
	GlobalSection(SolutionProperties) = preSolution
		HideSolutionNode = FALSE
	EndGlobalSection
EndGlobal
